// !$*UTF8*$!
{
	archiveVersion = 1;
	classes = {
	};
	objectVersion = 46;
	objects = {

/* Begin PBXBuildFile section */
		ED66A740199BC769004C2E4C /* Foundation.framework in Frameworks */ = {isa = PBXBuildFile; fileRef = ED66A73F199BC769004C2E4C /* Foundation.framework */; };
		ED66A742199BC769004C2E4C /* CoreGraphics.framework in Frameworks */ = {isa = PBXBuildFile; fileRef = ED66A741199BC769004C2E4C /* CoreGraphics.framework */; };
		ED66A744199BC769004C2E4C /* UIKit.framework in Frameworks */ = {isa = PBXBuildFile; fileRef = ED66A743199BC769004C2E4C /* UIKit.framework */; };
		ED66A746199BC769004C2E4C /* CoreData.framework in Frameworks */ = {isa = PBXBuildFile; fileRef = ED66A745199BC769004C2E4C /* CoreData.framework */; };
		ED66A74C199BC769004C2E4C /* InfoPlist.strings in Resources */ = {isa = PBXBuildFile; fileRef = ED66A74A199BC769004C2E4C /* InfoPlist.strings */; };
		ED66A74E199BC769004C2E4C /* main.m in Sources */ = {isa = PBXBuildFile; fileRef = ED66A74D199BC769004C2E4C /* main.m */; };
		ED66A752199BC769004C2E4C /* KPAppDelegate.m in Sources */ = {isa = PBXBuildFile; fileRef = ED66A751199BC769004C2E4C /* KPAppDelegate.m */; };
		ED66A755199BC769004C2E4C /* DiaryApp.xcdatamodeld in Sources */ = {isa = PBXBuildFile; fileRef = ED66A753199BC769004C2E4C /* DiaryApp.xcdatamodeld */; };
		ED66A757199BC769004C2E4C /* Images.xcassets in Resources */ = {isa = PBXBuildFile; fileRef = ED66A756199BC769004C2E4C /* Images.xcassets */; };
		ED66A75E199BC769004C2E4C /* XCTest.framework in Frameworks */ = {isa = PBXBuildFile; fileRef = ED66A75D199BC769004C2E4C /* XCTest.framework */; };
		ED66A75F199BC769004C2E4C /* Foundation.framework in Frameworks */ = {isa = PBXBuildFile; fileRef = ED66A73F199BC769004C2E4C /* Foundation.framework */; };
		ED66A760199BC769004C2E4C /* UIKit.framework in Frameworks */ = {isa = PBXBuildFile; fileRef = ED66A743199BC769004C2E4C /* UIKit.framework */; };
		ED66A761199BC769004C2E4C /* CoreData.framework in Frameworks */ = {isa = PBXBuildFile; fileRef = ED66A745199BC769004C2E4C /* CoreData.framework */; };
		ED66A769199BC769004C2E4C /* InfoPlist.strings in Resources */ = {isa = PBXBuildFile; fileRef = ED66A767199BC769004C2E4C /* InfoPlist.strings */; };
		ED66A76B199BC769004C2E4C /* DiaryAppTests.m in Sources */ = {isa = PBXBuildFile; fileRef = ED66A76A199BC769004C2E4C /* DiaryAppTests.m */; };
		ED66A776199BE5D7004C2E4C /* KPCoreDataStack.m in Sources */ = {isa = PBXBuildFile; fileRef = ED66A775199BE5D7004C2E4C /* KPCoreDataStack.m */; };
		ED66A779199BE9B6004C2E4C /* KPDiaryEntry.m in Sources */ = {isa = PBXBuildFile; fileRef = ED66A778199BE9B6004C2E4C /* KPDiaryEntry.m */; };
		ED66A77B199C2E20004C2E4C /* MainStoryboard.storyboard in Resources */ = {isa = PBXBuildFile; fileRef = ED66A77A199C2E20004C2E4C /* MainStoryboard.storyboard */; };
		ED66A77E199C2EFA004C2E4C /* KPNewEntryViewController.m in Sources */ = {isa = PBXBuildFile; fileRef = ED66A77D199C2EFA004C2E4C /* KPNewEntryViewController.m */; };
/* End PBXBuildFile section */

/* Begin PBXContainerItemProxy section */
		ED66A762199BC769004C2E4C /* PBXContainerItemProxy */ = {
			isa = PBXContainerItemProxy;
			containerPortal = ED66A734199BC768004C2E4C /* Project object */;
			proxyType = 1;
			remoteGlobalIDString = ED66A73B199BC769004C2E4C;
			remoteInfo = DiaryApp;
		};
/* End PBXContainerItemProxy section */

/* Begin PBXFileReference section */
		ED66A73C199BC769004C2E4C /* DiaryApp.app */ = {isa = PBXFileReference; explicitFileType = wrapper.application; includeInIndex = 0; path = DiaryApp.app; sourceTree = BUILT_PRODUCTS_DIR; };
		ED66A73F199BC769004C2E4C /* Foundation.framework */ = {isa = PBXFileReference; lastKnownFileType = wrapper.framework; name = Foundation.framework; path = System/Library/Frameworks/Foundation.framework; sourceTree = SDKROOT; };
		ED66A741199BC769004C2E4C /* CoreGraphics.framework */ = {isa = PBXFileReference; lastKnownFileType = wrapper.framework; name = CoreGraphics.framework; path = System/Library/Frameworks/CoreGraphics.framework; sourceTree = SDKROOT; };
		ED66A743199BC769004C2E4C /* UIKit.framework */ = {isa = PBXFileReference; lastKnownFileType = wrapper.framework; name = UIKit.framework; path = System/Library/Frameworks/UIKit.framework; sourceTree = SDKROOT; };
		ED66A745199BC769004C2E4C /* CoreData.framework */ = {isa = PBXFileReference; lastKnownFileType = wrapper.framework; name = CoreData.framework; path = System/Library/Frameworks/CoreData.framework; sourceTree = SDKROOT; };
		ED66A749199BC769004C2E4C /* DiaryApp-Info.plist */ = {isa = PBXFileReference; lastKnownFileType = text.plist.xml; path = "DiaryApp-Info.plist"; sourceTree = "<group>"; };
		ED66A74B199BC769004C2E4C /* en */ = {isa = PBXFileReference; lastKnownFileType = text.plist.strings; name = en; path = en.lproj/InfoPlist.strings; sourceTree = "<group>"; };
		ED66A74D199BC769004C2E4C /* main.m */ = {isa = PBXFileReference; lastKnownFileType = sourcecode.c.objc; path = main.m; sourceTree = "<group>"; };
		ED66A74F199BC769004C2E4C /* DiaryApp-Prefix.pch */ = {isa = PBXFileReference; lastKnownFileType = sourcecode.c.h; path = "DiaryApp-Prefix.pch"; sourceTree = "<group>"; };
		ED66A750199BC769004C2E4C /* KPAppDelegate.h */ = {isa = PBXFileReference; lastKnownFileType = sourcecode.c.h; path = KPAppDelegate.h; sourceTree = "<group>"; };
		ED66A751199BC769004C2E4C /* KPAppDelegate.m */ = {isa = PBXFileReference; lastKnownFileType = sourcecode.c.objc; path = KPAppDelegate.m; sourceTree = "<group>"; };
		ED66A754199BC769004C2E4C /* DiaryApp.xcdatamodel */ = {isa = PBXFileReference; lastKnownFileType = wrapper.xcdatamodel; path = DiaryApp.xcdatamodel; sourceTree = "<group>"; };
		ED66A756199BC769004C2E4C /* Images.xcassets */ = {isa = PBXFileReference; lastKnownFileType = folder.assetcatalog; path = Images.xcassets; sourceTree = "<group>"; };
		ED66A75C199BC769004C2E4C /* DiaryAppTests.xctest */ = {isa = PBXFileReference; explicitFileType = wrapper.cfbundle; includeInIndex = 0; path = DiaryAppTests.xctest; sourceTree = BUILT_PRODUCTS_DIR; };
		ED66A75D199BC769004C2E4C /* XCTest.framework */ = {isa = PBXFileReference; lastKnownFileType = wrapper.framework; name = XCTest.framework; path = Library/Frameworks/XCTest.framework; sourceTree = DEVELOPER_DIR; };
		ED66A766199BC769004C2E4C /* DiaryAppTests-Info.plist */ = {isa = PBXFileReference; lastKnownFileType = text.plist.xml; path = "DiaryAppTests-Info.plist"; sourceTree = "<group>"; };
		ED66A768199BC769004C2E4C /* en */ = {isa = PBXFileReference; lastKnownFileType = text.plist.strings; name = en; path = en.lproj/InfoPlist.strings; sourceTree = "<group>"; };
		ED66A76A199BC769004C2E4C /* DiaryAppTests.m */ = {isa = PBXFileReference; lastKnownFileType = sourcecode.c.objc; path = DiaryAppTests.m; sourceTree = "<group>"; };
		ED66A774199BE5D7004C2E4C /* KPCoreDataStack.h */ = {isa = PBXFileReference; fileEncoding = 4; lastKnownFileType = sourcecode.c.h; path = KPCoreDataStack.h; sourceTree = "<group>"; };
		ED66A775199BE5D7004C2E4C /* KPCoreDataStack.m */ = {isa = PBXFileReference; fileEncoding = 4; lastKnownFileType = sourcecode.c.objc; path = KPCoreDataStack.m; sourceTree = "<group>"; };
		ED66A777199BE9B6004C2E4C /* KPDiaryEntry.h */ = {isa = PBXFileReference; fileEncoding = 4; lastKnownFileType = sourcecode.c.h; path = KPDiaryEntry.h; sourceTree = "<group>"; };
		ED66A778199BE9B6004C2E4C /* KPDiaryEntry.m */ = {isa = PBXFileReference; fileEncoding = 4; lastKnownFileType = sourcecode.c.objc; path = KPDiaryEntry.m; sourceTree = "<group>"; };
		ED66A77A199C2E20004C2E4C /* MainStoryboard.storyboard */ = {isa = PBXFileReference; fileEncoding = 4; lastKnownFileType = file.storyboard; path = MainStoryboard.storyboard; sourceTree = "<group>"; };
		ED66A77C199C2EFA004C2E4C /* KPNewEntryViewController.h */ = {isa = PBXFileReference; fileEncoding = 4; lastKnownFileType = sourcecode.c.h; path = KPNewEntryViewController.h; sourceTree = "<group>"; };
		ED66A77D199C2EFA004C2E4C /* KPNewEntryViewController.m */ = {isa = PBXFileReference; fileEncoding = 4; lastKnownFileType = sourcecode.c.objc; path = KPNewEntryViewController.m; sourceTree = "<group>"; };
/* End PBXFileReference section */

/* Begin PBXFrameworksBuildPhase section */
		ED66A739199BC769004C2E4C /* Frameworks */ = {
			isa = PBXFrameworksBuildPhase;
			buildActionMask = 2147483647;
			files = (
				ED66A742199BC769004C2E4C /* CoreGraphics.framework in Frameworks */,
				ED66A746199BC769004C2E4C /* CoreData.framework in Frameworks */,
				ED66A744199BC769004C2E4C /* UIKit.framework in Frameworks */,
				ED66A740199BC769004C2E4C /* Foundation.framework in Frameworks */,
			);
			runOnlyForDeploymentPostprocessing = 0;
		};
		ED66A759199BC769004C2E4C /* Frameworks */ = {
			isa = PBXFrameworksBuildPhase;
			buildActionMask = 2147483647;
			files = (
				ED66A75E199BC769004C2E4C /* XCTest.framework in Frameworks */,
				ED66A761199BC769004C2E4C /* CoreData.framework in Frameworks */,
				ED66A760199BC769004C2E4C /* UIKit.framework in Frameworks */,
				ED66A75F199BC769004C2E4C /* Foundation.framework in Frameworks */,
			);
			runOnlyForDeploymentPostprocessing = 0;
		};
/* End PBXFrameworksBuildPhase section */

/* Begin PBXGroup section */
		ED66A733199BC768004C2E4C = {
			isa = PBXGroup;
			children = (
				ED66A747199BC769004C2E4C /* DiaryApp */,
				ED66A764199BC769004C2E4C /* DiaryAppTests */,
				ED66A73E199BC769004C2E4C /* Frameworks */,
				ED66A73D199BC769004C2E4C /* Products */,
			);
			sourceTree = "<group>";
		};
		ED66A73D199BC769004C2E4C /* Products */ = {
			isa = PBXGroup;
			children = (
				ED66A73C199BC769004C2E4C /* DiaryApp.app */,
				ED66A75C199BC769004C2E4C /* DiaryAppTests.xctest */,
			);
			name = Products;
			sourceTree = "<group>";
		};
		ED66A73E199BC769004C2E4C /* Frameworks */ = {
			isa = PBXGroup;
			children = (
				ED66A73F199BC769004C2E4C /* Foundation.framework */,
				ED66A741199BC769004C2E4C /* CoreGraphics.framework */,
				ED66A743199BC769004C2E4C /* UIKit.framework */,
				ED66A745199BC769004C2E4C /* CoreData.framework */,
				ED66A75D199BC769004C2E4C /* XCTest.framework */,
			);
			name = Frameworks;
			sourceTree = "<group>";
		};
		ED66A747199BC769004C2E4C /* DiaryApp */ = {
			isa = PBXGroup;
			children = (
				ED66A774199BE5D7004C2E4C /* KPCoreDataStack.h */,
				ED66A775199BE5D7004C2E4C /* KPCoreDataStack.m */,
				ED66A777199BE9B6004C2E4C /* KPDiaryEntry.h */,
				ED66A778199BE9B6004C2E4C /* KPDiaryEntry.m */,
				ED66A77A199C2E20004C2E4C /* MainStoryboard.storyboard */,
				ED66A77C199C2EFA004C2E4C /* KPNewEntryViewController.h */,
				ED66A77D199C2EFA004C2E4C /* KPNewEntryViewController.m */,
				ED66A748199BC769004C2E4C /* Supporting Files */,
			);
			path = DiaryApp;
			sourceTree = "<group>";
		};
		ED66A748199BC769004C2E4C /* Supporting Files */ = {
			isa = PBXGroup;
			children = (
				ED66A750199BC769004C2E4C /* KPAppDelegate.h */,
				ED66A751199BC769004C2E4C /* KPAppDelegate.m */,
				ED66A756199BC769004C2E4C /* Images.xcassets */,
				ED66A753199BC769004C2E4C /* DiaryApp.xcdatamodeld */,
				ED66A749199BC769004C2E4C /* DiaryApp-Info.plist */,
				ED66A74A199BC769004C2E4C /* InfoPlist.strings */,
				ED66A74D199BC769004C2E4C /* main.m */,
				ED66A74F199BC769004C2E4C /* DiaryApp-Prefix.pch */,
			);
			name = "Supporting Files";
			sourceTree = "<group>";
		};
		ED66A764199BC769004C2E4C /* DiaryAppTests */ = {
			isa = PBXGroup;
			children = (
				ED66A76A199BC769004C2E4C /* DiaryAppTests.m */,
				ED66A765199BC769004C2E4C /* Supporting Files */,
			);
			path = DiaryAppTests;
			sourceTree = "<group>";
		};
		ED66A765199BC769004C2E4C /* Supporting Files */ = {
			isa = PBXGroup;
			children = (
				ED66A766199BC769004C2E4C /* DiaryAppTests-Info.plist */,
				ED66A767199BC769004C2E4C /* InfoPlist.strings */,
			);
			name = "Supporting Files";
			sourceTree = "<group>";
		};
/* End PBXGroup section */

/* Begin PBXNativeTarget section */
		ED66A73B199BC769004C2E4C /* DiaryApp */ = {
			isa = PBXNativeTarget;
			buildConfigurationList = ED66A76E199BC769004C2E4C /* Build configuration list for PBXNativeTarget "DiaryApp" */;
			buildPhases = (
				ED66A738199BC769004C2E4C /* Sources */,
				ED66A739199BC769004C2E4C /* Frameworks */,
				ED66A73A199BC769004C2E4C /* Resources */,
			);
			buildRules = (
			);
			dependencies = (
			);
			name = DiaryApp;
			productName = DiaryApp;
			productReference = ED66A73C199BC769004C2E4C /* DiaryApp.app */;
			productType = "com.apple.product-type.application";
		};
		ED66A75B199BC769004C2E4C /* DiaryAppTests */ = {
			isa = PBXNativeTarget;
			buildConfigurationList = ED66A771199BC769004C2E4C /* Build configuration list for PBXNativeTarget "DiaryAppTests" */;
			buildPhases = (
				ED66A758199BC769004C2E4C /* Sources */,
				ED66A759199BC769004C2E4C /* Frameworks */,
				ED66A75A199BC769004C2E4C /* Resources */,
			);
			buildRules = (
			);
			dependencies = (
				ED66A763199BC769004C2E4C /* PBXTargetDependency */,
			);
			name = DiaryAppTests;
			productName = DiaryAppTests;
			productReference = ED66A75C199BC769004C2E4C /* DiaryAppTests.xctest */;
			productType = "com.apple.product-type.bundle.unit-test";
		};
/* End PBXNativeTarget section */

/* Begin PBXProject section */
		ED66A734199BC768004C2E4C /* Project object */ = {
			isa = PBXProject;
			attributes = {
				CLASSPREFIX = KP;
				LastUpgradeCheck = 0510;
				ORGANIZATIONNAME = "Kirill Pahnev";
				TargetAttributes = {
					ED66A75B199BC769004C2E4C = {
						TestTargetID = ED66A73B199BC769004C2E4C;
					};
				};
			};
			buildConfigurationList = ED66A737199BC768004C2E4C /* Build configuration list for PBXProject "DiaryApp" */;
			compatibilityVersion = "Xcode 3.2";
			developmentRegion = English;
			hasScannedForEncodings = 0;
			knownRegions = (
				en,
			);
			mainGroup = ED66A733199BC768004C2E4C;
			productRefGroup = ED66A73D199BC769004C2E4C /* Products */;
			projectDirPath = "";
			projectRoot = "";
			targets = (
				ED66A73B199BC769004C2E4C /* DiaryApp */,
				ED66A75B199BC769004C2E4C /* DiaryAppTests */,
			);
		};
/* End PBXProject section */

/* Begin PBXResourcesBuildPhase section */
		ED66A73A199BC769004C2E4C /* Resources */ = {
			isa = PBXResourcesBuildPhase;
			buildActionMask = 2147483647;
			files = (
				ED66A74C199BC769004C2E4C /* InfoPlist.strings in Resources */,
				ED66A757199BC769004C2E4C /* Images.xcassets in Resources */,
				ED66A77B199C2E20004C2E4C /* MainStoryboard.storyboard in Resources */,
			);
			runOnlyForDeploymentPostprocessing = 0;
		};
		ED66A75A199BC769004C2E4C /* Resources */ = {
			isa = PBXResourcesBuildPhase;
			buildActionMask = 2147483647;
			files = (
				ED66A769199BC769004C2E4C /* InfoPlist.strings in Resources */,
			);
			runOnlyForDeploymentPostprocessing = 0;
		};
/* End PBXResourcesBuildPhase section */

/* Begin PBXSourcesBuildPhase section */
		ED66A738199BC769004C2E4C /* Sources */ = {
			isa = PBXSourcesBuildPhase;
			buildActionMask = 2147483647;
			files = (
				ED66A776199BE5D7004C2E4C /* KPCoreDataStack.m in Sources */,
				ED66A77E199C2EFA004C2E4C /* KPNewEntryViewController.m in Sources */,
				ED66A755199BC769004C2E4C /* DiaryApp.xcdatamodeld in Sources */,
				ED66A779199BE9B6004C2E4C /* KPDiaryEntry.m in Sources */,
				ED66A74E199BC769004C2E4C /* main.m in Sources */,
				ED66A752199BC769004C2E4C /* KPAppDelegate.m in Sources */,
			);
			runOnlyForDeploymentPostprocessing = 0;
		};
		ED66A758199BC769004C2E4C /* Sources */ = {
			isa = PBXSourcesBuildPhase;
			buildActionMask = 2147483647;
			files = (
				ED66A76B199BC769004C2E4C /* DiaryAppTests.m in Sources */,
			);
			runOnlyForDeploymentPostprocessing = 0;
		};
/* End PBXSourcesBuildPhase section */

/* Begin PBXTargetDependency section */
		ED66A763199BC769004C2E4C /* PBXTargetDependency */ = {
			isa = PBXTargetDependency;
			target = ED66A73B199BC769004C2E4C /* DiaryApp */;
			targetProxy = ED66A762199BC769004C2E4C /* PBXContainerItemProxy */;
		};
/* End PBXTargetDependency section */

/* Begin PBXVariantGroup section */
		ED66A74A199BC769004C2E4C /* InfoPlist.strings */ = {
			isa = PBXVariantGroup;
			children = (
				ED66A74B199BC769004C2E4C /* en */,
			);
			name = InfoPlist.strings;
			sourceTree = "<group>";
		};
		ED66A767199BC769004C2E4C /* InfoPlist.strings */ = {
			isa = PBXVariantGroup;
			children = (
				ED66A768199BC769004C2E4C /* en */,
			);
			name = InfoPlist.strings;
			sourceTree = "<group>";
		};
/* End PBXVariantGroup section */

/* Begin XCBuildConfiguration section */
		ED66A76C199BC769004C2E4C /* Debug */ = {
			isa = XCBuildConfiguration;
			buildSettings = {
				ALWAYS_SEARCH_USER_PATHS = NO;
				CLANG_CXX_LANGUAGE_STANDARD = "gnu++0x";
				CLANG_CXX_LIBRARY = "libc++";
				CLANG_ENABLE_MODULES = YES;
				CLANG_ENABLE_OBJC_ARC = YES;
				CLANG_WARN_BOOL_CONVERSION = YES;
				CLANG_WARN_CONSTANT_CONVERSION = YES;
				CLANG_WARN_DIRECT_OBJC_ISA_USAGE = YES_ERROR;
				CLANG_WARN_EMPTY_BODY = YES;
				CLANG_WARN_ENUM_CONVERSION = YES;
				CLANG_WARN_INT_CONVERSION = YES;
				CLANG_WARN_OBJC_ROOT_CLASS = YES_ERROR;
				CLANG_WARN__DUPLICATE_METHOD_MATCH = YES;
				"CODE_SIGN_IDENTITY[sdk=iphoneos*]" = "iPhone Developer";
				COPY_PHASE_STRIP = NO;
				GCC_C_LANGUAGE_STANDARD = gnu99;
				GCC_DYNAMIC_NO_PIC = NO;
				GCC_OPTIMIZATION_LEVEL = 0;
				GCC_PREPROCESSOR_DEFINITIONS = (
					"DEBUG=1",
					"$(inherited)",
				);
				GCC_SYMBOLS_PRIVATE_EXTERN = NO;
				GCC_WARN_64_TO_32_BIT_CONVERSION = YES;
				GCC_WARN_ABOUT_RETURN_TYPE = YES_ERROR;
				GCC_WARN_UNDECLARED_SELECTOR = YES;
				GCC_WARN_UNINITIALIZED_AUTOS = YES_AGGRESSIVE;
				GCC_WARN_UNUSED_FUNCTION = YES;
				GCC_WARN_UNUSED_VARIABLE = YES;
				IPHONEOS_DEPLOYMENT_TARGET = 7.1;
				ONLY_ACTIVE_ARCH = YES;
				SDKROOT = iphoneos;
			};
			name = Debug;
		};
		ED66A76D199BC769004C2E4C /* Release */ = {
			isa = XCBuildConfiguration;
			buildSettings = {
				ALWAYS_SEARCH_USER_PATHS = NO;
				CLANG_CXX_LANGUAGE_STANDARD = "gnu++0x";
				CLANG_CXX_LIBRARY = "libc++";
				CLANG_ENABLE_MODULES = YES;
				CLANG_ENABLE_OBJC_ARC = YES;
				CLANG_WARN_BOOL_CONVERSION = YES;
				CLANG_WARN_CONSTANT_CONVERSION = YES;
				CLANG_WARN_DIRECT_OBJC_ISA_USAGE = YES_ERROR;
				CLANG_WARN_EMPTY_BODY = YES;
				CLANG_WARN_ENUM_CONVERSION = YES;
				CLANG_WARN_INT_CONVERSION = YES;
				CLANG_WARN_OBJC_ROOT_CLASS = YES_ERROR;
				CLANG_WARN__DUPLICATE_METHOD_MATCH = YES;
				"CODE_SIGN_IDENTITY[sdk=iphoneos*]" = "iPhone Developer";
				COPY_PHASE_STRIP = YES;
				ENABLE_NS_ASSERTIONS = NO;
				GCC_C_LANGUAGE_STANDARD = gnu99;
				GCC_WARN_64_TO_32_BIT_CONVERSION = YES;
				GCC_WARN_ABOUT_RETURN_TYPE = YES_ERROR;
				GCC_WARN_UNDECLARED_SELECTOR = YES;
				GCC_WARN_UNINITIALIZED_AUTOS = YES_AGGRESSIVE;
				GCC_WARN_UNUSED_FUNCTION = YES;
				GCC_WARN_UNUSED_VARIABLE = YES;
				IPHONEOS_DEPLOYMENT_TARGET = 7.1;
				SDKROOT = iphoneos;
				VALIDATE_PRODUCT = YES;
			};
			name = Release;
		};
		ED66A76F199BC769004C2E4C /* Debug */ = {
			isa = XCBuildConfiguration;
			buildSettings = {
				ASSETCATALOG_COMPILER_APPICON_NAME = AppIcon;
				ASSETCATALOG_COMPILER_LAUNCHIMAGE_NAME = LaunchImage;
				GCC_PRECOMPILE_PREFIX_HEADER = YES;
				GCC_PREFIX_HEADER = "DiaryApp/DiaryApp-Prefix.pch";
				INFOPLIST_FILE = "DiaryApp/DiaryApp-Info.plist";
				PRODUCT_NAME = "$(TARGET_NAME)";
				WRAPPER_EXTENSION = app;
			};
			name = Debug;
		};
		ED66A770199BC769004C2E4C /* Release */ = {
			isa = XCBuildConfiguration;
			buildSettings = {
				ASSETCATALOG_COMPILER_APPICON_NAME = AppIcon;
				ASSETCATALOG_COMPILER_LAUNCHIMAGE_NAME = LaunchImage;
				GCC_PRECOMPILE_PREFIX_HEADER = YES;
				GCC_PREFIX_HEADER = "DiaryApp/DiaryApp-Prefix.pch";
				INFOPLIST_FILE = "DiaryApp/DiaryApp-Info.plist";
				PRODUCT_NAME = "$(TARGET_NAME)";
				WRAPPER_EXTENSION = app;
			};
			name = Release;
		};
		ED66A772199BC769004C2E4C /* Debug */ = {
			isa = XCBuildConfiguration;
			buildSettings = {
				BUNDLE_LOADER = "$(BUILT_PRODUCTS_DIR)/DiaryApp.app/DiaryApp";
				FRAMEWORK_SEARCH_PATHS = (
					"$(SDKROOT)/Developer/Library/Frameworks",
					"$(inherited)",
					"$(DEVELOPER_FRAMEWORKS_DIR)",
				);
				GCC_PRECOMPILE_PREFIX_HEADER = YES;
				GCC_PREFIX_HEADER = "DiaryApp/DiaryApp-Prefix.pch";
				GCC_PREPROCESSOR_DEFINITIONS = (
					"DEBUG=1",
					"$(inherited)",
				);
				INFOPLIST_FILE = "DiaryAppTests/DiaryAppTests-Info.plist";
				PRODUCT_NAME = "$(TARGET_NAME)";
				TEST_HOST = "$(BUNDLE_LOADER)";
				WRAPPER_EXTENSION = xctest;
			};
			name = Debug;
		};
		ED66A773199BC769004C2E4C /* Release */ = {
			isa = XCBuildConfiguration;
			buildSettings = {
				BUNDLE_LOADER = "$(BUILT_PRODUCTS_DIR)/DiaryApp.app/DiaryApp";
				FRAMEWORK_SEARCH_PATHS = (
					"$(SDKROOT)/Developer/Library/Frameworks",
					"$(inherited)",
					"$(DEVELOPER_FRAMEWORKS_DIR)",
				);
				GCC_PRECOMPILE_PREFIX_HEADER = YES;
				GCC_PREFIX_HEADER = "DiaryApp/DiaryApp-Prefix.pch";
				INFOPLIST_FILE = "DiaryAppTests/DiaryAppTests-Info.plist";
				PRODUCT_NAME = "$(TARGET_NAME)";
				TEST_HOST = "$(BUNDLE_LOADER)";
				WRAPPER_EXTENSION = xctest;
			};
			name = Release;
		};
/* End XCBuildConfiguration section */

/* Begin XCConfigurationList section */
		ED66A737199BC768004C2E4C /* Build configuration list for PBXProject "DiaryApp" */ = {
			isa = XCConfigurationList;
			buildConfigurations = (
				ED66A76C199BC769004C2E4C /* Debug */,
				ED66A76D199BC769004C2E4C /* Release */,
			);
			defaultConfigurationIsVisible = 0;
			defaultConfigurationName = Release;
		};
		ED66A76E199BC769004C2E4C /* Build configuration list for PBXNativeTarget "DiaryApp" */ = {
			isa = XCConfigurationList;
			buildConfigurations = (
				ED66A76F199BC769004C2E4C /* Debug */,
				ED66A770199BC769004C2E4C /* Release */,
			);
			defaultConfigurationIsVisible = 0;
		};
		ED66A771199BC769004C2E4C /* Build configuration list for PBXNativeTarget "DiaryAppTests" */ = {
			isa = XCConfigurationList;
			buildConfigurations = (
				ED66A772199BC769004C2E4C /* Debug */,
				ED66A773199BC769004C2E4C /* Release */,
			);
			defaultConfigurationIsVisible = 0;
		};
/* End XCConfigurationList section */

/* Begin XCVersionGroup section */
		ED66A753199BC769004C2E4C /* DiaryApp.xcdatamodeld */ = {
			isa = XCVersionGroup;
			children = (
				ED66A754199BC769004C2E4C /* DiaryApp.xcdatamodel */,
			);
			currentVersion = ED66A754199BC769004C2E4C /* DiaryApp.xcdatamodel */;
			path = DiaryApp.xcdatamodeld;
			sourceTree = "<group>";
			versionGroupType = wrapper.xcdatamodel;
		};
/* End XCVersionGroup section */
	};
	rootObject = ED66A734199BC768004C2E4C /* Project object */;
}
